
Microsoft Visual Studio Solution File, Format Version 12.00
# Visual Studio Version 17
VisualStudioVersion = 17.14.36930.0
MinimumVisualStudioVersion = 10.0.40219.1
Project("{FAE04EC0-301F-11D3-BF4B-00C04F79EFBC}") = "Factory Method", "Factory Method\Factory Method.csproj", "{31676299-7379-461C-B02B-65A7AF19AAA2}"
EndProject
Project("{FAE04EC0-301F-11D3-BF4B-00C04F79EFBC}") = "Abstract Factory", "Abstract Factory\Abstract Factory.csproj", "{CCB4F315-4D19-48B2-AC49-4DE35F149CDF}"
EndProject
Global
	GlobalSection(SolutionConfigurationPlatforms) = preSolution
		Debug|Any CPU = Debug|Any CPU
		Release|Any CPU = Release|Any CPU
	EndGlobalSection
	GlobalSection(ProjectConfigurationPlatforms) = postSolution
		{31676299-7379-461C-B02B-65A7AF19AAA2}.Debug|Any CPU.ActiveCfg = Debug|Any CPU
		{31676299-7379-461C-B02B-65A7AF19AAA2}.Debug|Any CPU.Build.0 = Debug|Any CPU
		{31676299-7379-461C-B02B-65A7AF19AAA2}.Release|Any CPU.ActiveCfg = Release|Any CPU
		{31676299-7379-461C-B02B-65A7AF19AAA2}.Release|Any CPU.Build.0 = Release|Any CPU
		{CCB4F315-4D19-48B2-AC49-4DE35F149CDF}.Debug|Any CPU.ActiveCfg = Debug|Any CPU
		{CCB4F315-4D19-48B2-AC49-4DE35F149CDF}.Debug|Any CPU.Build.0 = Debug|Any CPU
		{CCB4F315-4D19-48B2-AC49-4DE35F149CDF}.Release|Any CPU.ActiveCfg = Release|Any CPU
		{CCB4F315-4D19-48B2-AC49-4DE35F149CDF}.Release|Any CPU.Build.0 = Release|Any CPU
	EndGlobalSection
	GlobalSection(SolutionProperties) = preSolution
		HideSolutionNode = FALSE
	EndGlobalSection
	GlobalSection(ExtensibilityGlobals) = postSolution
		SolutionGuid = {D8094103-A7CF-4067-ADAC-B94DFEB97FD2}
	EndGlobalSection
EndGlobal
